Microsoft Visual Studio Solution File, Format Version 12.00
# Visual Studio 15
VisualStudioVersion = 15.0.28307.572
MinimumVisualStudioVersion = 10.0.40219.1
Project("{9A19103F-16F7-4668-BE54-9A1E7A4F7556}") = "WebGLDotNET", "WebGLDotNET\WebGLDotNET.csproj", "{9E7C71F1-6E83-467B-BF34-198338EC2B0B}"
EndProject
Project("{9A19103F-16F7-4668-BE54-9A1E7A4F7556}") = "Samples", "Samples\Samples.csproj", "{9922DF21-6281-4F8C-82BA-1959072F2532}"
EndProject
Project("{9A19103F-16F7-4668-BE54-9A1E7A4F7556}") = "ImageToRGBA", "ImageToRGBA\ImageToRGBA.csproj", "{25C96659-0EE5-4DF3-9CAD-162C857DE69D}"
EndProject
Project("{9A19103F-16F7-4668-BE54-9A1E7A4F7556}") = "WebIDLToCSharp", "WebIDLToCSharp\WebIDLToCSharp.csproj", "{4AAF8652-93B2-44B6-8F81-358F88FE400D}"
EndProject
Project("{2150E333-8FDC-42A3-9474-1A3956D46DE8}") = "Tools", "Tools", "{683DF9ED-39AD-4149-8485-6235FE075FA6}"
EndProject
Project("{9A19103F-16F7-4668-BE54-9A1E7A4F7556}") = "LinkerWorkaround", "LinkerWorkaround\LinkerWorkaround.csproj", "{CB764FDC-95CD-4AA2-B7A1-87EBD744208D}"
EndProject
Global
	GlobalSection(SolutionConfigurationPlatforms) = preSolution
		Debug|Any CPU = Debug|Any CPU
		Release|Any CPU = Release|Any CPU
	EndGlobalSection
	GlobalSection(ProjectConfigurationPlatforms) = postSolution
		{9E7C71F1-6E83-467B-BF34-198338EC2B0B}.Debug|Any CPU.ActiveCfg = Debug|Any CPU
		{9E7C71F1-6E83-467B-BF34-198338EC2B0B}.Debug|Any CPU.Build.0 = Debug|Any CPU
		{9E7C71F1-6E83-467B-BF34-198338EC2B0B}.Release|Any CPU.ActiveCfg = Release|Any CPU
		{9E7C71F1-6E83-467B-BF34-198338EC2B0B}.Release|Any CPU.Build.0 = Release|Any CPU
		{9922DF21-6281-4F8C-82BA-1959072F2532}.Debug|Any CPU.ActiveCfg = Debug|Any CPU
		{9922DF21-6281-4F8C-82BA-1959072F2532}.Debug|Any CPU.Build.0 = Debug|Any CPU
		{9922DF21-6281-4F8C-82BA-1959072F2532}.Release|Any CPU.ActiveCfg = Release|Any CPU
		{9922DF21-6281-4F8C-82BA-1959072F2532}.Release|Any CPU.Build.0 = Release|Any CPU
		{25C96659-0EE5-4DF3-9CAD-162C857DE69D}.Debug|Any CPU.ActiveCfg = Debug|Any CPU
		{25C96659-0EE5-4DF3-9CAD-162C857DE69D}.Debug|Any CPU.Build.0 = Debug|Any CPU
		{25C96659-0EE5-4DF3-9CAD-162C857DE69D}.Release|Any CPU.ActiveCfg = Release|Any CPU
		{25C96659-0EE5-4DF3-9CAD-162C857DE69D}.Release|Any CPU.Build.0 = Release|Any CPU
		{4AAF8652-93B2-44B6-8F81-358F88FE400D}.Debug|Any CPU.ActiveCfg = Debug|Any CPU
		{4AAF8652-93B2-44B6-8F81-358F88FE400D}.Debug|Any CPU.Build.0 = Debug|Any CPU
		{4AAF8652-93B2-44B6-8F81-358F88FE400D}.Release|Any CPU.ActiveCfg = Release|Any CPU
		{4AAF8652-93B2-44B6-8F81-358F88FE400D}.Release|Any CPU.Build.0 = Release|Any CPU
		{CB764FDC-95CD-4AA2-B7A1-87EBD744208D}.Debug|Any CPU.ActiveCfg = Debug|Any CPU
		{CB764FDC-95CD-4AA2-B7A1-87EBD744208D}.Debug|Any CPU.Build.0 = Debug|Any CPU
		{CB764FDC-95CD-4AA2-B7A1-87EBD744208D}.Release|Any CPU.ActiveCfg = Release|Any CPU
		{CB764FDC-95CD-4AA2-B7A1-87EBD744208D}.Release|Any CPU.Build.0 = Release|Any CPU
	EndGlobalSection
	GlobalSection(SolutionProperties) = preSolution
		HideSolutionNode = FALSE
	EndGlobalSection
	GlobalSection(NestedProjects) = preSolution
		{25C96659-0EE5-4DF3-9CAD-162C857DE69D} = {683DF9ED-39AD-4149-8485-6235FE075FA6}
		{4AAF8652-93B2-44B6-8F81-358F88FE400D} = {683DF9ED-39AD-4149-8485-6235FE075FA6}
	EndGlobalSection
	GlobalSection(ExtensibilityGlobals) = postSolution
		SolutionGuid = {1FC1B6CC-F4F6-477B-BCD9-AECB09BFACE7}
	EndGlobalSection
EndGlobal
