Microsoft Visual Studio Solution File, Format Version 12.00
# Visual Studio Version 16
VisualStudioVersion = 16.0.28803.352
MinimumVisualStudioVersion = 10.0.40219.1
Project("{FAE04EC0-301F-11D3-BF4B-00C04F79EFBC}") = "WebGLDotNET", "WebGLDotNET\WebGLDotNET.csproj", "{9E7C71F1-6E83-467B-BF34-198338EC2B0B}"
EndProject
Project("{9A19103F-16F7-4668-BE54-9A1E7A4F7556}") = "Samples", "Samples\Samples.csproj", "{9922DF21-6281-4F8C-82BA-1959072F2532}"
EndProject
Project("{9A19103F-16F7-4668-BE54-9A1E7A4F7556}") = "WebIDLToCSharp", "WebIDLToCSharp\WebIDLToCSharp.csproj", "{4AAF8652-93B2-44B6-8F81-358F88FE400D}"
EndProject
Project("{2150E333-8FDC-42A3-9474-1A3956D46DE8}") = "Solution Items", "Solution Items", "{1B3B473C-3272-47E6-B515-C3684DD67304}"
	ProjectSection(SolutionItems) = preProject
		CodeAnalysis\CodeAnalysis.ruleset = CodeAnalysis\CodeAnalysis.ruleset
	EndProjectSection
EndProject
Project("{FAE04EC0-301F-11D3-BF4B-00C04F79EFBC}") = "Tests", "Tests\Tests.csproj", "{F4A66007-07D0-43B9-AA46-F029A6DA0208}"
EndProject
Project("{D954291E-2A0B-460D-934E-DC6B0785DB48}") = "HtmlHelper", "HtmlHelper\HtmlHelper.shproj", "{42BEC367-227C-4551-936D-B53CD575468E}"
EndProject
Global
	GlobalSection(SolutionConfigurationPlatforms) = preSolution
		Debug|Any CPU = Debug|Any CPU
		Release|Any CPU = Release|Any CPU
	EndGlobalSection
	GlobalSection(ProjectConfigurationPlatforms) = postSolution
		{9E7C71F1-6E83-467B-BF34-198338EC2B0B}.Debug|Any CPU.ActiveCfg = Debug|Any CPU
		{9E7C71F1-6E83-467B-BF34-198338EC2B0B}.Debug|Any CPU.Build.0 = Debug|Any CPU
		{9E7C71F1-6E83-467B-BF34-198338EC2B0B}.Release|Any CPU.ActiveCfg = Release|Any CPU
		{9E7C71F1-6E83-467B-BF34-198338EC2B0B}.Release|Any CPU.Build.0 = Release|Any CPU
		{9922DF21-6281-4F8C-82BA-1959072F2532}.Debug|Any CPU.ActiveCfg = Debug|Any CPU
		{9922DF21-6281-4F8C-82BA-1959072F2532}.Debug|Any CPU.Build.0 = Debug|Any CPU
		{9922DF21-6281-4F8C-82BA-1959072F2532}.Release|Any CPU.ActiveCfg = Release|Any CPU
		{9922DF21-6281-4F8C-82BA-1959072F2532}.Release|Any CPU.Build.0 = Release|Any CPU
		{4AAF8652-93B2-44B6-8F81-358F88FE400D}.Debug|Any CPU.ActiveCfg = Debug|Any CPU
		{4AAF8652-93B2-44B6-8F81-358F88FE400D}.Debug|Any CPU.Build.0 = Debug|Any CPU
		{4AAF8652-93B2-44B6-8F81-358F88FE400D}.Release|Any CPU.ActiveCfg = Release|Any CPU
		{4AAF8652-93B2-44B6-8F81-358F88FE400D}.Release|Any CPU.Build.0 = Release|Any CPU
		{F4A66007-07D0-43B9-AA46-F029A6DA0208}.Debug|Any CPU.ActiveCfg = Debug|Any CPU
		{F4A66007-07D0-43B9-AA46-F029A6DA0208}.Debug|Any CPU.Build.0 = Debug|Any CPU
		{F4A66007-07D0-43B9-AA46-F029A6DA0208}.Release|Any CPU.ActiveCfg = Release|Any CPU
		{F4A66007-07D0-43B9-AA46-F029A6DA0208}.Release|Any CPU.Build.0 = Release|Any CPU
	EndGlobalSection
	GlobalSection(SolutionProperties) = preSolution
		HideSolutionNode = FALSE
	EndGlobalSection
	GlobalSection(NestedProjects) = preSolution
	EndGlobalSection
	GlobalSection(ExtensibilityGlobals) = postSolution
		SolutionGuid = {1FC1B6CC-F4F6-477B-BCD9-AECB09BFACE7}
	EndGlobalSection
EndGlobal
